// !$*UTF8*$!
{
	archiveVersion = 1;
	classes = {
	};
	objectVersion = 46;
	objects = {

/* Begin PBXBuildFile section */
		E982F0BB1835729100B99004 /* ANAddFriendsInChatRoomViewController.m in Sources */ = {isa = PBXBuildFile; fileRef = E982F0BA1835729100B99004 /* ANAddFriendsInChatRoomViewController.m */; };
		E982F0BE18369A8600B99004 /* ANmessagePickerController.m in Sources */ = {isa = PBXBuildFile; fileRef = E982F0BD18369A8600B99004 /* ANmessagePickerController.m */; };
		E9AD0FA418350A1C0032471C /* ToDo.strings in Resources */ = {isa = PBXBuildFile; fileRef = E9AD0FA318350A1C0032471C /* ToDo.strings */; };
		E9AD0FA718351B510032471C /* ANImageViewController.m in Sources */ = {isa = PBXBuildFile; fileRef = E9AD0FA618351B510032471C /* ANImageViewController.m */; };
		E9AD0FA9183529D70032471C /* MediaPlayer.framework in Frameworks */ = {isa = PBXBuildFile; fileRef = E9AD0FA8183529D70032471C /* MediaPlayer.framework */; };
		E9AD0FAB183529DF0032471C /* MediaToolbox.framework in Frameworks */ = {isa = PBXBuildFile; fileRef = E9AD0FAA183529DF0032471C /* MediaToolbox.framework */; };
		E9AD0FAE18353F340032471C /* ANChatRoomViewController.m in Sources */ = {isa = PBXBuildFile; fileRef = E9AD0FAD18353F340032471C /* ANChatRoomViewController.m */; };
		E9AD0FB118356E1E0032471C /* ANCreateChatGroupViewController.m in Sources */ = {isa = PBXBuildFile; fileRef = E9AD0FB018356E1E0032471C /* ANCreateChatGroupViewController.m */; };
		E9B4C80A1832395A00782952 /* Foundation.framework in Frameworks */ = {isa = PBXBuildFile; fileRef = E9B4C8091832395A00782952 /* Foundation.framework */; };
		E9B4C80C1832395A00782952 /* CoreGraphics.framework in Frameworks */ = {isa = PBXBuildFile; fileRef = E9B4C80B1832395A00782952 /* CoreGraphics.framework */; };
		E9B4C80E1832395A00782952 /* UIKit.framework in Frameworks */ = {isa = PBXBuildFile; fileRef = E9B4C80D1832395A00782952 /* UIKit.framework */; };
		E9B4C8141832395A00782952 /* InfoPlist.strings in Resources */ = {isa = PBXBuildFile; fileRef = E9B4C8121832395A00782952 /* InfoPlist.strings */; };
		E9B4C8161832395A00782952 /* main.m in Sources */ = {isa = PBXBuildFile; fileRef = E9B4C8151832395A00782952 /* main.m */; };
		E9B4C81A1832395A00782952 /* ANAppDelegate.m in Sources */ = {isa = PBXBuildFile; fileRef = E9B4C8191832395A00782952 /* ANAppDelegate.m */; };
		E9B4C81C1832395A00782952 /* Images.xcassets in Resources */ = {isa = PBXBuildFile; fileRef = E9B4C81B1832395A00782952 /* Images.xcassets */; };
		E9B4C8231832395A00782952 /* XCTest.framework in Frameworks */ = {isa = PBXBuildFile; fileRef = E9B4C8221832395A00782952 /* XCTest.framework */; };
		E9B4C8241832395A00782952 /* Foundation.framework in Frameworks */ = {isa = PBXBuildFile; fileRef = E9B4C8091832395A00782952 /* Foundation.framework */; };
		E9B4C8251832395A00782952 /* UIKit.framework in Frameworks */ = {isa = PBXBuildFile; fileRef = E9B4C80D1832395A00782952 /* UIKit.framework */; };
		E9B4C82D1832395A00782952 /* InfoPlist.strings in Resources */ = {isa = PBXBuildFile; fileRef = E9B4C82B1832395A00782952 /* InfoPlist.strings */; };
		E9B4C82F1832395A00782952 /* RibbitTests.m in Sources */ = {isa = PBXBuildFile; fileRef = E9B4C82E1832395A00782952 /* RibbitTests.m */; };
		E9B4C8391832398500782952 /* MainStoryboard.storyboard in Resources */ = {isa = PBXBuildFile; fileRef = E9B4C8381832398500782952 /* MainStoryboard.storyboard */; };
		E9B4C84418323D3C00782952 /* camera.png in Resources */ = {isa = PBXBuildFile; fileRef = E9B4C83A18323D3C00782952 /* camera.png */; };
		E9B4C84518323D3C00782952 /* camera@2x.png in Resources */ = {isa = PBXBuildFile; fileRef = E9B4C83B18323D3C00782952 /* camera@2x.png */; };
		E9B4C84618323D3C00782952 /* friends.png in Resources */ = {isa = PBXBuildFile; fileRef = E9B4C83C18323D3C00782952 /* friends.png */; };
		E9B4C84718323D3C00782952 /* friends@2x.png in Resources */ = {isa = PBXBuildFile; fileRef = E9B4C83D18323D3C00782952 /* friends@2x.png */; };
		E9B4C84818323D3C00782952 /* icon_image.png in Resources */ = {isa = PBXBuildFile; fileRef = E9B4C83E18323D3C00782952 /* icon_image.png */; };
		E9B4C84918323D3C00782952 /* icon_image@2x.png in Resources */ = {isa = PBXBuildFile; fileRef = E9B4C83F18323D3C00782952 /* icon_image@2x.png */; };
		E9B4C84A18323D3C00782952 /* icon_video.png in Resources */ = {isa = PBXBuildFile; fileRef = E9B4C84018323D3C00782952 /* icon_video.png */; };
		E9B4C84B18323D3C00782952 /* icon_video@2x.png in Resources */ = {isa = PBXBuildFile; fileRef = E9B4C84118323D3C00782952 /* icon_video@2x.png */; };
		E9B4C84C18323D3C00782952 /* inbox.png in Resources */ = {isa = PBXBuildFile; fileRef = E9B4C84218323D3C00782952 /* inbox.png */; };
		E9B4C84D18323D3C00782952 /* inbox@2x.png in Resources */ = {isa = PBXBuildFile; fileRef = E9B4C84318323D3C00782952 /* inbox@2x.png */; };
		E9B4C85418327BE600782952 /* ANInboxViewController.m in Sources */ = {isa = PBXBuildFile; fileRef = E9B4C85318327BE600782952 /* ANInboxViewController.m */; };
		E9B4C8561832827300782952 /* Parse.framework in Frameworks */ = {isa = PBXBuildFile; fileRef = E9B4C8551832827300782952 /* Parse.framework */; };
		E9B4C8601832833300782952 /* AudioToolbox.framework in Frameworks */ = {isa = PBXBuildFile; fileRef = E9B4C8571832833200782952 /* AudioToolbox.framework */; };
		E9B4C8611832833300782952 /* CFNetwork.framework in Frameworks */ = {isa = PBXBuildFile; fileRef = E9B4C8581832833200782952 /* CFNetwork.framework */; };
		E9B4C8621832833300782952 /* CoreLocation.framework in Frameworks */ = {isa = PBXBuildFile; fileRef = E9B4C8591832833300782952 /* CoreLocation.framework */; };
		E9B4C8631832833300782952 /* libz.1.1.3.dylib in Frameworks */ = {isa = PBXBuildFile; fileRef = E9B4C85A1832833300782952 /* libz.1.1.3.dylib */; };
		E9B4C8641832833300782952 /* MobileCoreServices.framework in Frameworks */ = {isa = PBXBuildFile; fileRef = E9B4C85B1832833300782952 /* MobileCoreServices.framework */; };
		E9B4C8651832833300782952 /* QuartzCore.framework in Frameworks */ = {isa = PBXBuildFile; fileRef = E9B4C85C1832833300782952 /* QuartzCore.framework */; };
		E9B4C8661832833300782952 /* Security.framework in Frameworks */ = {isa = PBXBuildFile; fileRef = E9B4C85D1832833300782952 /* Security.framework */; };
		E9B4C8671832833300782952 /* StoreKit.framework in Frameworks */ = {isa = PBXBuildFile; fileRef = E9B4C85E1832833300782952 /* StoreKit.framework */; };
		E9B4C8681832833300782952 /* SystemConfiguration.framework in Frameworks */ = {isa = PBXBuildFile; fileRef = E9B4C85F1832833300782952 /* SystemConfiguration.framework */; };
		E9B4C86B18328CE000782952 /* ANLoginController.m in Sources */ = {isa = PBXBuildFile; fileRef = E9B4C86A18328CE000782952 /* ANLoginController.m */; };
		E9B4C86E18328CF500782952 /* ANSignupController.m in Sources */ = {isa = PBXBuildFile; fileRef = E9B4C86D18328CF500782952 /* ANSignupController.m */; };
		E9B4C8711832C19B00782952 /* ANInvFriendsController.m in Sources */ = {isa = PBXBuildFile; fileRef = E9B4C8701832C19B00782952 /* ANInvFriendsController.m */; };
		E9B4C8741832D7AB00782952 /* ANFriendsViewController.m in Sources */ = {isa = PBXBuildFile; fileRef = E9B4C8731832D7AB00782952 /* ANFriendsViewController.m */; };
		E9B4C87A183404DA00782952 /* ANCameraViewController.m in Sources */ = {isa = PBXBuildFile; fileRef = E9B4C879183404DA00782952 /* ANCameraViewController.m */; };
/* End PBXBuildFile section */

/* Begin PBXContainerItemProxy section */
		E9B4C8261832395A00782952 /* PBXContainerItemProxy */ = {
			isa = PBXContainerItemProxy;
			containerPortal = E9B4C7FE1832395A00782952 /* Project object */;
			proxyType = 1;
			remoteGlobalIDString = E9B4C8051832395A00782952;
			remoteInfo = Ribbit;
		};
/* End PBXContainerItemProxy section */

/* Begin PBXFileReference section */
		E982F0B91835729100B99004 /* ANAddFriendsInChatRoomViewController.h */ = {isa = PBXFileReference; fileEncoding = 4; lastKnownFileType = sourcecode.c.h; path = ANAddFriendsInChatRoomViewController.h; sourceTree = "<group>"; };
		E982F0BA1835729100B99004 /* ANAddFriendsInChatRoomViewController.m */ = {isa = PBXFileReference; fileEncoding = 4; lastKnownFileType = sourcecode.c.objc; path = ANAddFriendsInChatRoomViewController.m; sourceTree = "<group>"; };
		E982F0BC18369A8600B99004 /* ANmessagePickerController.h */ = {isa = PBXFileReference; fileEncoding = 4; lastKnownFileType = sourcecode.c.h; name = ANmessagePickerController.h; path = ../ANmessagePickerController.h; sourceTree = "<group>"; };
		E982F0BD18369A8600B99004 /* ANmessagePickerController.m */ = {isa = PBXFileReference; fileEncoding = 4; lastKnownFileType = sourcecode.c.objc; name = ANmessagePickerController.m; path = ../ANmessagePickerController.m; sourceTree = "<group>"; };
		E9AD0FA318350A1C0032471C /* ToDo.strings */ = {isa = PBXFileReference; fileEncoding = 4; lastKnownFileType = text.plist.strings; path = ToDo.strings; sourceTree = "<group>"; };
		E9AD0FA518351B510032471C /* ANImageViewController.h */ = {isa = PBXFileReference; fileEncoding = 4; lastKnownFileType = sourcecode.c.h; name = ANImageViewController.h; path = ../ANImageViewController.h; sourceTree = "<group>"; };
		E9AD0FA618351B510032471C /* ANImageViewController.m */ = {isa = PBXFileReference; fileEncoding = 4; lastKnownFileType = sourcecode.c.objc; name = ANImageViewController.m; path = ../ANImageViewController.m; sourceTree = "<group>"; };
		E9AD0FA8183529D70032471C /* MediaPlayer.framework */ = {isa = PBXFileReference; lastKnownFileType = wrapper.framework; name = MediaPlayer.framework; path = System/Library/Frameworks/MediaPlayer.framework; sourceTree = SDKROOT; };
		E9AD0FAA183529DF0032471C /* MediaToolbox.framework */ = {isa = PBXFileReference; lastKnownFileType = wrapper.framework; name = MediaToolbox.framework; path = System/Library/Frameworks/MediaToolbox.framework; sourceTree = SDKROOT; };
		E9AD0FAC18353F340032471C /* ANChatRoomViewController.h */ = {isa = PBXFileReference; fileEncoding = 4; lastKnownFileType = sourcecode.c.h; path = ANChatRoomViewController.h; sourceTree = "<group>"; };
		E9AD0FAD18353F340032471C /* ANChatRoomViewController.m */ = {isa = PBXFileReference; fileEncoding = 4; lastKnownFileType = sourcecode.c.objc; path = ANChatRoomViewController.m; sourceTree = "<group>"; };
		E9AD0FAF18356E1E0032471C /* ANCreateChatGroupViewController.h */ = {isa = PBXFileReference; fileEncoding = 4; lastKnownFileType = sourcecode.c.h; path = ANCreateChatGroupViewController.h; sourceTree = "<group>"; };
		E9AD0FB018356E1E0032471C /* ANCreateChatGroupViewController.m */ = {isa = PBXFileReference; fileEncoding = 4; lastKnownFileType = sourcecode.c.objc; path = ANCreateChatGroupViewController.m; sourceTree = "<group>"; };
		E9B4C8061832395A00782952 /* Ribbit.app */ = {isa = PBXFileReference; explicitFileType = wrapper.application; includeInIndex = 0; path = Ribbit.app; sourceTree = BUILT_PRODUCTS_DIR; };
		E9B4C8091832395A00782952 /* Foundation.framework */ = {isa = PBXFileReference; lastKnownFileType = wrapper.framework; name = Foundation.framework; path = System/Library/Frameworks/Foundation.framework; sourceTree = SDKROOT; };
		E9B4C80B1832395A00782952 /* CoreGraphics.framework */ = {isa = PBXFileReference; lastKnownFileType = wrapper.framework; name = CoreGraphics.framework; path = System/Library/Frameworks/CoreGraphics.framework; sourceTree = SDKROOT; };
		E9B4C80D1832395A00782952 /* UIKit.framework */ = {isa = PBXFileReference; lastKnownFileType = wrapper.framework; name = UIKit.framework; path = System/Library/Frameworks/UIKit.framework; sourceTree = SDKROOT; };
		E9B4C8111832395A00782952 /* Ribbit-Info.plist */ = {isa = PBXFileReference; lastKnownFileType = text.plist.xml; path = "Ribbit-Info.plist"; sourceTree = "<group>"; };
		E9B4C8131832395A00782952 /* en */ = {isa = PBXFileReference; lastKnownFileType = text.plist.strings; name = en; path = en.lproj/InfoPlist.strings; sourceTree = "<group>"; };
		E9B4C8151832395A00782952 /* main.m */ = {isa = PBXFileReference; lastKnownFileType = sourcecode.c.objc; path = main.m; sourceTree = "<group>"; };
		E9B4C8171832395A00782952 /* Ribbit-Prefix.pch */ = {isa = PBXFileReference; lastKnownFileType = sourcecode.c.h; path = "Ribbit-Prefix.pch"; sourceTree = "<group>"; };
		E9B4C8181832395A00782952 /* ANAppDelegate.h */ = {isa = PBXFileReference; lastKnownFileType = sourcecode.c.h; path = ANAppDelegate.h; sourceTree = "<group>"; };
		E9B4C8191832395A00782952 /* ANAppDelegate.m */ = {isa = PBXFileReference; lastKnownFileType = sourcecode.c.objc; path = ANAppDelegate.m; sourceTree = "<group>"; };
		E9B4C81B1832395A00782952 /* Images.xcassets */ = {isa = PBXFileReference; lastKnownFileType = folder.assetcatalog; path = Images.xcassets; sourceTree = "<group>"; };
		E9B4C8211832395A00782952 /* RibbitTests.xctest */ = {isa = PBXFileReference; explicitFileType = wrapper.cfbundle; includeInIndex = 0; path = RibbitTests.xctest; sourceTree = BUILT_PRODUCTS_DIR; };
		E9B4C8221832395A00782952 /* XCTest.framework */ = {isa = PBXFileReference; lastKnownFileType = wrapper.framework; name = XCTest.framework; path = Library/Frameworks/XCTest.framework; sourceTree = DEVELOPER_DIR; };
		E9B4C82A1832395A00782952 /* RibbitTests-Info.plist */ = {isa = PBXFileReference; lastKnownFileType = text.plist.xml; path = "RibbitTests-Info.plist"; sourceTree = "<group>"; };
		E9B4C82C1832395A00782952 /* en */ = {isa = PBXFileReference; lastKnownFileType = text.plist.strings; name = en; path = en.lproj/InfoPlist.strings; sourceTree = "<group>"; };
		E9B4C82E1832395A00782952 /* RibbitTests.m */ = {isa = PBXFileReference; lastKnownFileType = sourcecode.c.objc; path = RibbitTests.m; sourceTree = "<group>"; };
		E9B4C8381832398500782952 /* MainStoryboard.storyboard */ = {isa = PBXFileReference; fileEncoding = 4; lastKnownFileType = file.storyboard; path = MainStoryboard.storyboard; sourceTree = "<group>"; };
		E9B4C83A18323D3C00782952 /* camera.png */ = {isa = PBXFileReference; lastKnownFileType = image.png; path = camera.png; sourceTree = "<group>"; };
		E9B4C83B18323D3C00782952 /* camera@2x.png */ = {isa = PBXFileReference; lastKnownFileType = image.png; path = "camera@2x.png"; sourceTree = "<group>"; };
		E9B4C83C18323D3C00782952 /* friends.png */ = {isa = PBXFileReference; lastKnownFileType = image.png; path = friends.png; sourceTree = "<group>"; };
		E9B4C83D18323D3C00782952 /* friends@2x.png */ = {isa = PBXFileReference; lastKnownFileType = image.png; path = "friends@2x.png"; sourceTree = "<group>"; };
		E9B4C83E18323D3C00782952 /* icon_image.png */ = {isa = PBXFileReference; lastKnownFileType = image.png; path = icon_image.png; sourceTree = "<group>"; };
		E9B4C83F18323D3C00782952 /* icon_image@2x.png */ = {isa = PBXFileReference; lastKnownFileType = image.png; path = "icon_image@2x.png"; sourceTree = "<group>"; };
		E9B4C84018323D3C00782952 /* icon_video.png */ = {isa = PBXFileReference; lastKnownFileType = image.png; path = icon_video.png; sourceTree = "<group>"; };
		E9B4C84118323D3C00782952 /* icon_video@2x.png */ = {isa = PBXFileReference; lastKnownFileType = image.png; path = "icon_video@2x.png"; sourceTree = "<group>"; };
		E9B4C84218323D3C00782952 /* inbox.png */ = {isa = PBXFileReference; lastKnownFileType = image.png; path = inbox.png; sourceTree = "<group>"; };
		E9B4C84318323D3C00782952 /* inbox@2x.png */ = {isa = PBXFileReference; lastKnownFileType = image.png; path = "inbox@2x.png"; sourceTree = "<group>"; };
		E9B4C85218327BE600782952 /* ANInboxViewController.h */ = {isa = PBXFileReference; fileEncoding = 4; lastKnownFileType = sourcecode.c.h; path = ANInboxViewController.h; sourceTree = "<group>"; };
		E9B4C85318327BE600782952 /* ANInboxViewController.m */ = {isa = PBXFileReference; fileEncoding = 4; lastKnownFileType = sourcecode.c.objc; path = ANInboxViewController.m; sourceTree = "<group>"; };
		E9B4C8551832827300782952 /* Parse.framework */ = {isa = PBXFileReference; lastKnownFileType = wrapper.framework; path = Parse.framework; sourceTree = "<group>"; };
		E9B4C8571832833200782952 /* AudioToolbox.framework */ = {isa = PBXFileReference; lastKnownFileType = wrapper.framework; name = AudioToolbox.framework; path = System/Library/Frameworks/AudioToolbox.framework; sourceTree = SDKROOT; };
		E9B4C8581832833200782952 /* CFNetwork.framework */ = {isa = PBXFileReference; lastKnownFileType = wrapper.framework; name = CFNetwork.framework; path = System/Library/Frameworks/CFNetwork.framework; sourceTree = SDKROOT; };
		E9B4C8591832833300782952 /* CoreLocation.framework */ = {isa = PBXFileReference; lastKnownFileType = wrapper.framework; name = CoreLocation.framework; path = System/Library/Frameworks/CoreLocation.framework; sourceTree = SDKROOT; };
		E9B4C85A1832833300782952 /* libz.1.1.3.dylib */ = {isa = PBXFileReference; lastKnownFileType = "compiled.mach-o.dylib"; name = libz.1.1.3.dylib; path = usr/lib/libz.1.1.3.dylib; sourceTree = SDKROOT; };
		E9B4C85B1832833300782952 /* MobileCoreServices.framework */ = {isa = PBXFileReference; lastKnownFileType = wrapper.framework; name = MobileCoreServices.framework; path = System/Library/Frameworks/MobileCoreServices.framework; sourceTree = SDKROOT; };
		E9B4C85C1832833300782952 /* QuartzCore.framework */ = {isa = PBXFileReference; lastKnownFileType = wrapper.framework; name = QuartzCore.framework; path = System/Library/Frameworks/QuartzCore.framework; sourceTree = SDKROOT; };
		E9B4C85D1832833300782952 /* Security.framework */ = {isa = PBXFileReference; lastKnownFileType = wrapper.framework; name = Security.framework; path = System/Library/Frameworks/Security.framework; sourceTree = SDKROOT; };
		E9B4C85E1832833300782952 /* StoreKit.framework */ = {isa = PBXFileReference; lastKnownFileType = wrapper.framework; name = StoreKit.framework; path = System/Library/Frameworks/StoreKit.framework; sourceTree = SDKROOT; };
		E9B4C85F1832833300782952 /* SystemConfiguration.framework */ = {isa = PBXFileReference; lastKnownFileType = wrapper.framework; name = SystemConfiguration.framework; path = System/Library/Frameworks/SystemConfiguration.framework; sourceTree = SDKROOT; };
		E9B4C86918328CE000782952 /* ANLoginController.h */ = {isa = PBXFileReference; fileEncoding = 4; lastKnownFileType = sourcecode.c.h; name = ANLoginController.h; path = ../ANLoginController.h; sourceTree = "<group>"; };
		E9B4C86A18328CE000782952 /* ANLoginController.m */ = {isa = PBXFileReference; fileEncoding = 4; lastKnownFileType = sourcecode.c.objc; name = ANLoginController.m; path = ../ANLoginController.m; sourceTree = "<group>"; };
		E9B4C86C18328CF500782952 /* ANSignupController.h */ = {isa = PBXFileReference; fileEncoding = 4; lastKnownFileType = sourcecode.c.h; name = ANSignupController.h; path = ../ANSignupController.h; sourceTree = "<group>"; };
		E9B4C86D18328CF500782952 /* ANSignupController.m */ = {isa = PBXFileReference; fileEncoding = 4; lastKnownFileType = sourcecode.c.objc; name = ANSignupController.m; path = ../ANSignupController.m; sourceTree = "<group>"; };
		E9B4C86F1832C19B00782952 /* ANInvFriendsController.h */ = {isa = PBXFileReference; fileEncoding = 4; lastKnownFileType = sourcecode.c.h; name = ANInvFriendsController.h; path = ../ANInvFriendsController.h; sourceTree = "<group>"; };
		E9B4C8701832C19B00782952 /* ANInvFriendsController.m */ = {isa = PBXFileReference; fileEncoding = 4; lastKnownFileType = sourcecode.c.objc; name = ANInvFriendsController.m; path = ../ANInvFriendsController.m; sourceTree = "<group>"; };
		E9B4C8721832D7AB00782952 /* ANFriendsViewController.h */ = {isa = PBXFileReference; fileEncoding = 4; lastKnownFileType = sourcecode.c.h; name = ANFriendsViewController.h; path = ../ANFriendsViewController.h; sourceTree = "<group>"; };
		E9B4C8731832D7AB00782952 /* ANFriendsViewController.m */ = {isa = PBXFileReference; fileEncoding = 4; lastKnownFileType = sourcecode.c.objc; name = ANFriendsViewController.m; path = ../ANFriendsViewController.m; sourceTree = "<group>"; };
		E9B4C878183404DA00782952 /* ANCameraViewController.h */ = {isa = PBXFileReference; fileEncoding = 4; lastKnownFileType = sourcecode.c.h; path = ANCameraViewController.h; sourceTree = "<group>"; };
		E9B4C879183404DA00782952 /* ANCameraViewController.m */ = {isa = PBXFileReference; fileEncoding = 4; lastKnownFileType = sourcecode.c.objc; path = ANCameraViewController.m; sourceTree = "<group>"; };
/* End PBXFileReference section */

/* Begin PBXFrameworksBuildPhase section */
		E9B4C8031832395A00782952 /* Frameworks */ = {
			isa = PBXFrameworksBuildPhase;
			buildActionMask = 2147483647;
			files = (
				E9AD0FAB183529DF0032471C /* MediaToolbox.framework in Frameworks */,
				E9AD0FA9183529D70032471C /* MediaPlayer.framework in Frameworks */,
				E9B4C8601832833300782952 /* AudioToolbox.framework in Frameworks */,
				E9B4C8611832833300782952 /* CFNetwork.framework in Frameworks */,
				E9B4C8621832833300782952 /* CoreLocation.framework in Frameworks */,
				E9B4C8631832833300782952 /* libz.1.1.3.dylib in Frameworks */,
				E9B4C8641832833300782952 /* MobileCoreServices.framework in Frameworks */,
				E9B4C8651832833300782952 /* QuartzCore.framework in Frameworks */,
				E9B4C8661832833300782952 /* Security.framework in Frameworks */,
				E9B4C8671832833300782952 /* StoreKit.framework in Frameworks */,
				E9B4C8681832833300782952 /* SystemConfiguration.framework in Frameworks */,
				E9B4C80C1832395A00782952 /* CoreGraphics.framework in Frameworks */,
				E9B4C80E1832395A00782952 /* UIKit.framework in Frameworks */,
				E9B4C8561832827300782952 /* Parse.framework in Frameworks */,
				E9B4C80A1832395A00782952 /* Foundation.framework in Frameworks */,
			);
			runOnlyForDeploymentPostprocessing = 0;
		};
		E9B4C81E1832395A00782952 /* Frameworks */ = {
			isa = PBXFrameworksBuildPhase;
			buildActionMask = 2147483647;
			files = (
				E9B4C8231832395A00782952 /* XCTest.framework in Frameworks */,
				E9B4C8251832395A00782952 /* UIKit.framework in Frameworks */,
				E9B4C8241832395A00782952 /* Foundation.framework in Frameworks */,
			);
			runOnlyForDeploymentPostprocessing = 0;
		};
/* End PBXFrameworksBuildPhase section */

/* Begin PBXGroup section */
		E982F0BF18369A9000B99004 /* Chatroom */ = {
			isa = PBXGroup;
			children = (
				E982F0B91835729100B99004 /* ANAddFriendsInChatRoomViewController.h */,
				E982F0BA1835729100B99004 /* ANAddFriendsInChatRoomViewController.m */,
				E9AD0FAF18356E1E0032471C /* ANCreateChatGroupViewController.h */,
				E9AD0FB018356E1E0032471C /* ANCreateChatGroupViewController.m */,
				E9AD0FAC18353F340032471C /* ANChatRoomViewController.h */,
				E9AD0FAD18353F340032471C /* ANChatRoomViewController.m */,
			);
			name = Chatroom;
			path = ..;
			sourceTree = "<group>";
		};
		E9B4C7FD1832395A00782952 = {
			isa = PBXGroup;
			children = (
				E9AD0FA318350A1C0032471C /* ToDo.strings */,
				E9B4C84E18323D4800782952 /* Images */,
				E9B4C80F1832395A00782952 /* Ribbit */,
				E9B4C8281832395A00782952 /* RibbitTests */,
				E9B4C8081832395A00782952 /* Frameworks */,
				E9B4C8071832395A00782952 /* Products */,
			);
			sourceTree = "<group>";
		};
		E9B4C8071832395A00782952 /* Products */ = {
			isa = PBXGroup;
			children = (
				E9B4C8061832395A00782952 /* Ribbit.app */,
				E9B4C8211832395A00782952 /* RibbitTests.xctest */,
			);
			name = Products;
			sourceTree = "<group>";
		};
		E9B4C8081832395A00782952 /* Frameworks */ = {
			isa = PBXGroup;
			children = (
				E9AD0FAA183529DF0032471C /* MediaToolbox.framework */,
				E9AD0FA8183529D70032471C /* MediaPlayer.framework */,
				E9B4C8571832833200782952 /* AudioToolbox.framework */,
				E9B4C8581832833200782952 /* CFNetwork.framework */,
				E9B4C8591832833300782952 /* CoreLocation.framework */,
				E9B4C85A1832833300782952 /* libz.1.1.3.dylib */,
				E9B4C85B1832833300782952 /* MobileCoreServices.framework */,
				E9B4C85C1832833300782952 /* QuartzCore.framework */,
				E9B4C85D1832833300782952 /* Security.framework */,
				E9B4C85E1832833300782952 /* StoreKit.framework */,
				E9B4C85F1832833300782952 /* SystemConfiguration.framework */,
				E9B4C8551832827300782952 /* Parse.framework */,
				E9B4C8091832395A00782952 /* Foundation.framework */,
				E9B4C80B1832395A00782952 /* CoreGraphics.framework */,
				E9B4C80D1832395A00782952 /* UIKit.framework */,
				E9B4C8221832395A00782952 /* XCTest.framework */,
			);
			name = Frameworks;
			sourceTree = "<group>";
		};
		E9B4C80F1832395A00782952 /* Ribbit */ = {
			isa = PBXGroup;
			children = (
				E982F0BC18369A8600B99004 /* ANmessagePickerController.h */,
				E982F0BD18369A8600B99004 /* ANmessagePickerController.m */,
				E982F0BF18369A9000B99004 /* Chatroom */,
				E9B4C877183404B900782952 /* Inbox */,
				E9B4C876183404B000782952 /* Camera */,
				E9B4C8751834049E00782952 /* Friends */,
				E9B4C8181832395A00782952 /* ANAppDelegate.h */,
				E9B4C8191832395A00782952 /* ANAppDelegate.m */,
				E9B4C8381832398500782952 /* MainStoryboard.storyboard */,
				E9B4C81B1832395A00782952 /* Images.xcassets */,
				E9B4C8101832395A00782952 /* Supporting Files */,
			);
			path = Ribbit;
			sourceTree = "<group>";
		};
		E9B4C8101832395A00782952 /* Supporting Files */ = {
			isa = PBXGroup;
			children = (
				E9B4C8111832395A00782952 /* Ribbit-Info.plist */,
				E9B4C8121832395A00782952 /* InfoPlist.strings */,
				E9B4C8151832395A00782952 /* main.m */,
				E9B4C8171832395A00782952 /* Ribbit-Prefix.pch */,
			);
			name = "Supporting Files";
			sourceTree = "<group>";
		};
		E9B4C8281832395A00782952 /* RibbitTests */ = {
			isa = PBXGroup;
			children = (
				E9B4C82E1832395A00782952 /* RibbitTests.m */,
				E9B4C8291832395A00782952 /* Supporting Files */,
			);
			path = RibbitTests;
			sourceTree = "<group>";
		};
		E9B4C8291832395A00782952 /* Supporting Files */ = {
			isa = PBXGroup;
			children = (
				E9B4C82A1832395A00782952 /* RibbitTests-Info.plist */,
				E9B4C82B1832395A00782952 /* InfoPlist.strings */,
			);
			name = "Supporting Files";
			sourceTree = "<group>";
		};
		E9B4C84E18323D4800782952 /* Images */ = {
			isa = PBXGroup;
			children = (
				E9B4C83A18323D3C00782952 /* camera.png */,
				E9B4C83B18323D3C00782952 /* camera@2x.png */,
				E9B4C83C18323D3C00782952 /* friends.png */,
				E9B4C83D18323D3C00782952 /* friends@2x.png */,
				E9B4C83E18323D3C00782952 /* icon_image.png */,
				E9B4C83F18323D3C00782952 /* icon_image@2x.png */,
				E9B4C84018323D3C00782952 /* icon_video.png */,
				E9B4C84118323D3C00782952 /* icon_video@2x.png */,
				E9B4C84218323D3C00782952 /* inbox.png */,
				E9B4C84318323D3C00782952 /* inbox@2x.png */,
			);
			name = Images;
			sourceTree = "<group>";
		};
		E9B4C8751834049E00782952 /* Friends */ = {
			isa = PBXGroup;
			children = (
				E9B4C8721832D7AB00782952 /* ANFriendsViewController.h */,
				E9B4C8731832D7AB00782952 /* ANFriendsViewController.m */,
				E9B4C86F1832C19B00782952 /* ANInvFriendsController.h */,
				E9B4C8701832C19B00782952 /* ANInvFriendsController.m */,
			);
			name = Friends;
			sourceTree = "<group>";
		};
		E9B4C876183404B000782952 /* Camera */ = {
			isa = PBXGroup;
			children = (
				E9B4C878183404DA00782952 /* ANCameraViewController.h */,
				E9B4C879183404DA00782952 /* ANCameraViewController.m */,
			);
			name = Camera;
			sourceTree = "<group>";
		};
		E9B4C877183404B900782952 /* Inbox */ = {
			isa = PBXGroup;
			children = (
				E9B4C85218327BE600782952 /* ANInboxViewController.h */,
				E9B4C85318327BE600782952 /* ANInboxViewController.m */,
				E9AD0FA518351B510032471C /* ANImageViewController.h */,
				E9AD0FA618351B510032471C /* ANImageViewController.m */,
				E9B4C86918328CE000782952 /* ANLoginController.h */,
				E9B4C86A18328CE000782952 /* ANLoginController.m */,
				E9B4C86C18328CF500782952 /* ANSignupController.h */,
				E9B4C86D18328CF500782952 /* ANSignupController.m */,
			);
			name = Inbox;
			sourceTree = "<group>";
		};
/* End PBXGroup section */

/* Begin PBXNativeTarget section */
		E9B4C8051832395A00782952 /* Ribbit */ = {
			isa = PBXNativeTarget;
			buildConfigurationList = E9B4C8321832395A00782952 /* Build configuration list for PBXNativeTarget "Ribbit" */;
			buildPhases = (
				E9B4C8021832395A00782952 /* Sources */,
				E9B4C8031832395A00782952 /* Frameworks */,
				E9B4C8041832395A00782952 /* Resources */,
			);
			buildRules = (
			);
			dependencies = (
			);
			name = Ribbit;
			productName = Ribbit;
			productReference = E9B4C8061832395A00782952 /* Ribbit.app */;
			productType = "com.apple.product-type.application";
		};
		E9B4C8201832395A00782952 /* RibbitTests */ = {
			isa = PBXNativeTarget;
			buildConfigurationList = E9B4C8351832395A00782952 /* Build configuration list for PBXNativeTarget "RibbitTests" */;
			buildPhases = (
				E9B4C81D1832395A00782952 /* Sources */,
				E9B4C81E1832395A00782952 /* Frameworks */,
				E9B4C81F1832395A00782952 /* Resources */,
			);
			buildRules = (
			);
			dependencies = (
				E9B4C8271832395A00782952 /* PBXTargetDependency */,
			);
			name = RibbitTests;
			productName = RibbitTests;
			productReference = E9B4C8211832395A00782952 /* RibbitTests.xctest */;
			productType = "com.apple.product-type.bundle.unit-test";
		};
/* End PBXNativeTarget section */

/* Begin PBXProject section */
		E9B4C7FE1832395A00782952 /* Project object */ = {
			isa = PBXProject;
			attributes = {
				CLASSPREFIX = AN;
				LastUpgradeCheck = 0500;
				ORGANIZATIONNAME = "Anirudh Narla";
				TargetAttributes = {
					E9B4C8201832395A00782952 = {
						TestTargetID = E9B4C8051832395A00782952;
					};
				};
			};
			buildConfigurationList = E9B4C8011832395A00782952 /* Build configuration list for PBXProject "Ribbit" */;
			compatibilityVersion = "Xcode 3.2";
			developmentRegion = English;
			hasScannedForEncodings = 0;
			knownRegions = (
				en,
			);
			mainGroup = E9B4C7FD1832395A00782952;
			productRefGroup = E9B4C8071832395A00782952 /* Products */;
			projectDirPath = "";
			projectRoot = "";
			targets = (
				E9B4C8051832395A00782952 /* Ribbit */,
				E9B4C8201832395A00782952 /* RibbitTests */,
			);
		};
/* End PBXProject section */

/* Begin PBXResourcesBuildPhase section */
		E9B4C8041832395A00782952 /* Resources */ = {
			isa = PBXResourcesBuildPhase;
			buildActionMask = 2147483647;
			files = (
				E9B4C84918323D3C00782952 /* icon_image@2x.png in Resources */,
				E9B4C8391832398500782952 /* MainStoryboard.storyboard in Resources */,
				E9AD0FA418350A1C0032471C /* ToDo.strings in Resources */,
				E9B4C84618323D3C00782952 /* friends.png in Resources */,
				E9B4C84D18323D3C00782952 /* inbox@2x.png in Resources */,
				E9B4C84718323D3C00782952 /* friends@2x.png in Resources */,
				E9B4C84518323D3C00782952 /* camera@2x.png in Resources */,
				E9B4C84818323D3C00782952 /* icon_image.png in Resources */,
				E9B4C84A18323D3C00782952 /* icon_video.png in Resources */,
				E9B4C84B18323D3C00782952 /* icon_video@2x.png in Resources */,
				E9B4C84C18323D3C00782952 /* inbox.png in Resources */,
				E9B4C8141832395A00782952 /* InfoPlist.strings in Resources */,
				E9B4C84418323D3C00782952 /* camera.png in Resources */,
				E9B4C81C1832395A00782952 /* Images.xcassets in Resources */,
			);
			runOnlyForDeploymentPostprocessing = 0;
		};
		E9B4C81F1832395A00782952 /* Resources */ = {
			isa = PBXResourcesBuildPhase;
			buildActionMask = 2147483647;
			files = (
				E9B4C82D1832395A00782952 /* InfoPlist.strings in Resources */,
			);
			runOnlyForDeploymentPostprocessing = 0;
		};
/* End PBXResourcesBuildPhase section */

/* Begin PBXSourcesBuildPhase section */
		E9B4C8021832395A00782952 /* Sources */ = {
			isa = PBXSourcesBuildPhase;
			buildActionMask = 2147483647;
			files = (
				E9AD0FAE18353F340032471C /* ANChatRoomViewController.m in Sources */,
				E9B4C8711832C19B00782952 /* ANInvFriendsController.m in Sources */,
				E9B4C8741832D7AB00782952 /* ANFriendsViewController.m in Sources */,
				E982F0BB1835729100B99004 /* ANAddFriendsInChatRoomViewController.m in Sources */,
				E9B4C87A183404DA00782952 /* ANCameraViewController.m in Sources */,
				E9AD0FA718351B510032471C /* ANImageViewController.m in Sources */,
				E9B4C8161832395A00782952 /* main.m in Sources */,
				E982F0BE18369A8600B99004 /* ANmessagePickerController.m in Sources */,
				E9B4C81A1832395A00782952 /* ANAppDelegate.m in Sources */,
				E9AD0FB118356E1E0032471C /* ANCreateChatGroupViewController.m in Sources */,
				E9B4C86B18328CE000782952 /* ANLoginController.m in Sources */,
				E9B4C86E18328CF500782952 /* ANSignupController.m in Sources */,
				E9B4C85418327BE600782952 /* ANInboxViewController.m in Sources */,
			);
			runOnlyForDeploymentPostprocessing = 0;
		};
		E9B4C81D1832395A00782952 /* Sources */ = {
			isa = PBXSourcesBuildPhase;
			buildActionMask = 2147483647;
			files = (
				E9B4C82F1832395A00782952 /* RibbitTests.m in Sources */,
			);
			runOnlyForDeploymentPostprocessing = 0;
		};
/* End PBXSourcesBuildPhase section */

/* Begin PBXTargetDependency section */
		E9B4C8271832395A00782952 /* PBXTargetDependency */ = {
			isa = PBXTargetDependency;
			target = E9B4C8051832395A00782952 /* Ribbit */;
			targetProxy = E9B4C8261832395A00782952 /* PBXContainerItemProxy */;
		};
/* End PBXTargetDependency section */

/* Begin PBXVariantGroup section */
		E9B4C8121832395A00782952 /* InfoPlist.strings */ = {
			isa = PBXVariantGroup;
			children = (
				E9B4C8131832395A00782952 /* en */,
			);
			name = InfoPlist.strings;
			sourceTree = "<group>";
		};
		E9B4C82B1832395A00782952 /* InfoPlist.strings */ = {
			isa = PBXVariantGroup;
			children = (
				E9B4C82C1832395A00782952 /* en */,
			);
			name = InfoPlist.strings;
			sourceTree = "<group>";
		};
/* End PBXVariantGroup section */

/* Begin XCBuildConfiguration section */
		E9B4C8301832395A00782952 /* Debug */ = {
			isa = XCBuildConfiguration;
			buildSettings = {
				ALWAYS_SEARCH_USER_PATHS = NO;
				ARCHS = "$(ARCHS_STANDARD_INCLUDING_64_BIT)";
				CLANG_CXX_LANGUAGE_STANDARD = "gnu++0x";
				CLANG_CXX_LIBRARY = "libc++";
				CLANG_ENABLE_MODULES = YES;
				CLANG_ENABLE_OBJC_ARC = YES;
				CLANG_WARN_BOOL_CONVERSION = YES;
				CLANG_WARN_CONSTANT_CONVERSION = YES;
				CLANG_WARN_DIRECT_OBJC_ISA_USAGE = YES_ERROR;
				CLANG_WARN_EMPTY_BODY = YES;
				CLANG_WARN_ENUM_CONVERSION = YES;
				CLANG_WARN_INT_CONVERSION = YES;
				CLANG_WARN_OBJC_ROOT_CLASS = YES_ERROR;
				CLANG_WARN__DUPLICATE_METHOD_MATCH = YES;
				"CODE_SIGN_IDENTITY[sdk=iphoneos*]" = "iPhone Developer";
				COPY_PHASE_STRIP = NO;
				GCC_C_LANGUAGE_STANDARD = gnu99;
				GCC_DYNAMIC_NO_PIC = NO;
				GCC_OPTIMIZATION_LEVEL = 0;
				GCC_PREPROCESSOR_DEFINITIONS = (
					"DEBUG=1",
					"$(inherited)",
				);
				GCC_SYMBOLS_PRIVATE_EXTERN = NO;
				GCC_WARN_64_TO_32_BIT_CONVERSION = YES;
				GCC_WARN_ABOUT_RETURN_TYPE = YES_ERROR;
				GCC_WARN_UNDECLARED_SELECTOR = YES;
				GCC_WARN_UNINITIALIZED_AUTOS = YES;
				GCC_WARN_UNUSED_FUNCTION = YES;
				GCC_WARN_UNUSED_VARIABLE = YES;
				IPHONEOS_DEPLOYMENT_TARGET = 7.0;
				ONLY_ACTIVE_ARCH = YES;
				SDKROOT = iphoneos;
			};
			name = Debug;
		};
		E9B4C8311832395A00782952 /* Release */ = {
			isa = XCBuildConfiguration;
			buildSettings = {
				ALWAYS_SEARCH_USER_PATHS = NO;
				ARCHS = "$(ARCHS_STANDARD_INCLUDING_64_BIT)";
				CLANG_CXX_LANGUAGE_STANDARD = "gnu++0x";
				CLANG_CXX_LIBRARY = "libc++";
				CLANG_ENABLE_MODULES = YES;
				CLANG_ENABLE_OBJC_ARC = YES;
				CLANG_WARN_BOOL_CONVERSION = YES;
				CLANG_WARN_CONSTANT_CONVERSION = YES;
				CLANG_WARN_DIRECT_OBJC_ISA_USAGE = YES_ERROR;
				CLANG_WARN_EMPTY_BODY = YES;
				CLANG_WARN_ENUM_CONVERSION = YES;
				CLANG_WARN_INT_CONVERSION = YES;
				CLANG_WARN_OBJC_ROOT_CLASS = YES_ERROR;
				CLANG_WARN__DUPLICATE_METHOD_MATCH = YES;
				"CODE_SIGN_IDENTITY[sdk=iphoneos*]" = "iPhone Developer";
				COPY_PHASE_STRIP = YES;
				ENABLE_NS_ASSERTIONS = NO;
				GCC_C_LANGUAGE_STANDARD = gnu99;
				GCC_WARN_64_TO_32_BIT_CONVERSION = YES;
				GCC_WARN_ABOUT_RETURN_TYPE = YES_ERROR;
				GCC_WARN_UNDECLARED_SELECTOR = YES;
				GCC_WARN_UNINITIALIZED_AUTOS = YES;
				GCC_WARN_UNUSED_FUNCTION = YES;
				GCC_WARN_UNUSED_VARIABLE = YES;
				IPHONEOS_DEPLOYMENT_TARGET = 7.0;
				SDKROOT = iphoneos;
				VALIDATE_PRODUCT = YES;
			};
			name = Release;
		};
		E9B4C8331832395A00782952 /* Debug */ = {
			isa = XCBuildConfiguration;
			buildSettings = {
				ASSETCATALOG_COMPILER_APPICON_NAME = AppIcon;
				ASSETCATALOG_COMPILER_LAUNCHIMAGE_NAME = LaunchImage;
				FRAMEWORK_SEARCH_PATHS = (
					"$(inherited)",
					"/Users/anirudhnarla/iPhone\\ projects/Ribbit",
				);
				GCC_PRECOMPILE_PREFIX_HEADER = YES;
				GCC_PREFIX_HEADER = "Ribbit/Ribbit-Prefix.pch";
				INFOPLIST_FILE = "Ribbit/Ribbit-Info.plist";
				PRODUCT_NAME = "$(TARGET_NAME)";
				WRAPPER_EXTENSION = app;
			};
			name = Debug;
		};
		E9B4C8341832395A00782952 /* Release */ = {
			isa = XCBuildConfiguration;
			buildSettings = {
				ASSETCATALOG_COMPILER_APPICON_NAME = AppIcon;
				ASSETCATALOG_COMPILER_LAUNCHIMAGE_NAME = LaunchImage;
				FRAMEWORK_SEARCH_PATHS = (
					"$(inherited)",
					"/Users/anirudhnarla/iPhone\\ projects/Ribbit",
				);
				GCC_PRECOMPILE_PREFIX_HEADER = YES;
				GCC_PREFIX_HEADER = "Ribbit/Ribbit-Prefix.pch";
				INFOPLIST_FILE = "Ribbit/Ribbit-Info.plist";
				PRODUCT_NAME = "$(TARGET_NAME)";
				WRAPPER_EXTENSION = app;
			};
			name = Release;
		};
		E9B4C8361832395A00782952 /* Debug */ = {
			isa = XCBuildConfiguration;
			buildSettings = {
				ARCHS = "$(ARCHS_STANDARD_INCLUDING_64_BIT)";
				BUNDLE_LOADER = "$(BUILT_PRODUCTS_DIR)/Ribbit.app/Ribbit";
				FRAMEWORK_SEARCH_PATHS = (
					"$(SDKROOT)/Developer/Library/Frameworks",
					"$(inherited)",
					"$(DEVELOPER_FRAMEWORKS_DIR)",
				);
				GCC_PRECOMPILE_PREFIX_HEADER = YES;
				GCC_PREFIX_HEADER = "Ribbit/Ribbit-Prefix.pch";
				GCC_PREPROCESSOR_DEFINITIONS = (
					"DEBUG=1",
					"$(inherited)",
				);
				INFOPLIST_FILE = "RibbitTests/RibbitTests-Info.plist";
				PRODUCT_NAME = "$(TARGET_NAME)";
				TEST_HOST = "$(BUNDLE_LOADER)";
				WRAPPER_EXTENSION = xctest;
			};
			name = Debug;
		};
		E9B4C8371832395A00782952 /* Release */ = {
			isa = XCBuildConfiguration;
			buildSettings = {
				ARCHS = "$(ARCHS_STANDARD_INCLUDING_64_BIT)";
				BUNDLE_LOADER = "$(BUILT_PRODUCTS_DIR)/Ribbit.app/Ribbit";
				FRAMEWORK_SEARCH_PATHS = (
					"$(SDKROOT)/Developer/Library/Frameworks",
					"$(inherited)",
					"$(DEVELOPER_FRAMEWORKS_DIR)",
				);
				GCC_PRECOMPILE_PREFIX_HEADER = YES;
				GCC_PREFIX_HEADER = "Ribbit/Ribbit-Prefix.pch";
				INFOPLIST_FILE = "RibbitTests/RibbitTests-Info.plist";
				PRODUCT_NAME = "$(TARGET_NAME)";
				TEST_HOST = "$(BUNDLE_LOADER)";
				WRAPPER_EXTENSION = xctest;
			};
			name = Release;
		};
/* End XCBuildConfiguration section */

/* Begin XCConfigurationList section */
		E9B4C8011832395A00782952 /* Build configuration list for PBXProject "Ribbit" */ = {
			isa = XCConfigurationList;
			buildConfigurations = (
				E9B4C8301832395A00782952 /* Debug */,
				E9B4C8311832395A00782952 /* Release */,
			);
			defaultConfigurationIsVisible = 0;
			defaultConfigurationName = Release;
		};
		E9B4C8321832395A00782952 /* Build configuration list for PBXNativeTarget "Ribbit" */ = {
			isa = XCConfigurationList;
			buildConfigurations = (
				E9B4C8331832395A00782952 /* Debug */,
				E9B4C8341832395A00782952 /* Release */,
			);
			defaultConfigurationIsVisible = 0;
			defaultConfigurationName = Release;
		};
		E9B4C8351832395A00782952 /* Build configuration list for PBXNativeTarget "RibbitTests" */ = {
			isa = XCConfigurationList;
			buildConfigurations = (
				E9B4C8361832395A00782952 /* Debug */,
				E9B4C8371832395A00782952 /* Release */,
			);
			defaultConfigurationIsVisible = 0;
			defaultConfigurationName = Release;
		};
/* End XCConfigurationList section */
	};
	rootObject = E9B4C7FE1832395A00782952 /* Project object */;
}
